
Microsoft Visual Studio Solution File, Format Version 12.00
# Visual Studio Version 17
VisualStudioVersion = 17.11.35312.102
MinimumVisualStudioVersion = 10.0.40219.1
Project("{FAE04EC0-301F-11D3-BF4B-00C04F79EFBC}") = "VisualizadorDeImagens", "VisualizadorDeImagens\VisualizadorDeImagens.csproj", "{D4993A25-6706-4522-82AC-7B97236CF953}"
EndProject
Global
	GlobalSection(SolutionConfigurationPlatforms) = preSolution
		Debug|Any CPU = Debug|Any CPU
		Release|Any CPU = Release|Any CPU
	EndGlobalSection
	GlobalSection(ProjectConfigurationPlatforms) = postSolution
		{D4993A25-6706-4522-82AC-7B97236CF953}.Debug|Any CPU.ActiveCfg = Debug|Any CPU
		{D4993A25-6706-4522-82AC-7B97236CF953}.Debug|Any CPU.Build.0 = Debug|Any CPU
		{D4993A25-6706-4522-82AC-7B97236CF953}.Release|Any CPU.ActiveCfg = Release|Any CPU
		{D4993A25-6706-4522-82AC-7B97236CF953}.Release|Any CPU.Build.0 = Release|Any CPU
	EndGlobalSection
	GlobalSection(SolutionProperties) = preSolution
		HideSolutionNode = FALSE
	EndGlobalSection
	GlobalSection(ExtensibilityGlobals) = postSolution
		SolutionGuid = {A2F9F70D-C4B3-4F44-BB61-6613B6EF39C5}
	EndGlobalSection
EndGlobal
